
Microsoft Visual Studio Solution File, Format Version 12.00
Project("{2150E333-8FDC-42A3-9474-1A3956D46DE8}") = "src", "src", "{6A7B1649-D70D-4061-A3D9-0F25E8ACFB7B}"
EndProject
Project("{2150E333-8FDC-42A3-9474-1A3956D46DE8}") = "tests", "tests", "{AE5ACEFE-D7E0-4DB6-860B-9510ED19EF45}"
EndProject
Project("{2150E333-8FDC-42A3-9474-1A3956D46DE8}") = "Shared", "Shared", "{A1615412-985C-48C9-9B5D-BCFC09BFEB5D}"
EndProject
Project("{2150E333-8FDC-42A3-9474-1A3956D46DE8}") = "Config", "Config", "{0B64AECD-BB4B-4F65-8AAB-8B94707B4640}"
EndProject
Project("{FAE04EC0-301F-11D3-BF4B-00C04F79EFBC}") = "SharedLibrary", "src\Shared\SharedLibrary\SharedLibrary.csproj", "{BAF2E2EA-D86B-4084-82F5-B403F5E689F9}"
EndProject
Project("{FAE04EC0-301F-11D3-BF4B-00C04F79EFBC}") = "SharedLibrary.FluentMigration", "src\Shared\SharedLibrary.FluentMigration\SharedLibrary.FluentMigration.csproj", "{08280C08-4100-4C4F-AF57-6F808B6DCEDF}"
EndProject
Project("{FAE04EC0-301F-11D3-BF4B-00C04F79EFBC}") = "SharedLibrary.MongoDB", "src\Shared\SharedLibrary.MongoDB\SharedLibrary.MongoDB.csproj", "{CCBDD593-C4E3-421C-BAA5-8E55A1ADE044}"
EndProject
Project("{FAE04EC0-301F-11D3-BF4B-00C04F79EFBC}") = "SharedLibrary.Redis", "src\Shared\SharedLibrary.Redis\SharedLibrary.Redis.csproj", "{C75E9ACF-80E8-441B-AAFF-E90640E7375C}"
EndProject
Project("{FAE04EC0-301F-11D3-BF4B-00C04F79EFBC}") = "Tasting.AppHost", "Config\Tasting.AppHost\Tasting.AppHost.csproj", "{8E54AC65-4FBD-4B5D-9DE7-196555B5646C}"
EndProject
Project("{FAE04EC0-301F-11D3-BF4B-00C04F79EFBC}") = "Tasting.ServiceDefaults", "Config\Tasting.ServiceDefaults\Tasting.ServiceDefaults.csproj", "{209DBAB6-9D96-4CD9-9DEF-293724A14AE0}"
EndProject
Project("{2150E333-8FDC-42A3-9474-1A3956D46DE8}") = "Backend", "Backend", "{45C48463-D0CF-49A7-B96C-00955E62D847}"
EndProject
Project("{2150E333-8FDC-42A3-9474-1A3956D46DE8}") = "Frontend", "Frontend", "{A8753D48-8F27-472A-ACC0-F9F2615D0228}"
EndProject
Project("{FAE04EC0-301F-11D3-BF4B-00C04F79EFBC}") = "SharedLibrary.FastEndpoints", "src\Shared\SharedLibrary.FastEndpoints\SharedLibrary.FastEndpoints.csproj", "{82DC2378-965F-4771-9CB7-9F94EA84B12A}"
EndProject
Project("{FAE04EC0-301F-11D3-BF4B-00C04F79EFBC}") = "SharedLibrary.HttpClient", "src\Shared\SharedLibrary.HttpClient\SharedLibrary.HttpClient.csproj", "{E011C7DC-F915-4302-8955-8401E22B6D88}"
EndProject
Project("{FAE04EC0-301F-11D3-BF4B-00C04F79EFBC}") = "SharedLibrary.PostgreSql.EntityFramework", "src\Shared\SharedLibrary.PostgreSql.EntityFramework\SharedLibrary.PostgreSql.EntityFramework.csproj", "{467B805F-02BB-4EA8-91C1-365D9C320F8A}"
EndProject
Project("{FAE04EC0-301F-11D3-BF4B-00C04F79EFBC}") = "SharedLibrary.Services", "src\Shared\SharedLibrary.Services\SharedLibrary.Services.csproj", "{E8271F2E-BF13-4D99-9448-8860B8067BB6}"
EndProject
Project("{2150E333-8FDC-42A3-9474-1A3956D46DE8}") = "Docs", "Docs", "{537AEF9C-E0F6-4AA8-A916-FF2AFF8B3846}"
	ProjectSection(SolutionItems) = preProject
		docs\tasting-handoff.md = docs\tasting-handoff.md
		docs\glossary.md = docs\glossary.md
		docs\architecture.md = docs\architecture.md
		docs\implementation-plan.md = docs\implementation-plan.md
		docs\wireframes.drawio = docs\wireframes.drawio
		docs\wireframes.md = docs\wireframes.md
		docs\wireframes-implementation-plan.md = docs\wireframes-implementation-plan.md
		docs\BACKEND-AUTH-TESTING.md = docs\BACKEND-AUTH-TESTING.md
		docs\BACKEND-API-REFERENCE.md = docs\BACKEND-API-REFERENCE.md
		docs\IMPLEMENTATION-COMPLETION-SUMMARY.md = docs\IMPLEMENTATION-COMPLETION-SUMMARY.md
		docs\INTEGRATION-CHECKLIST.md = docs\INTEGRATION-CHECKLIST.md
		docs\IMPLEMENTATION-PLAN-STATUS.md = docs\IMPLEMENTATION-PLAN-STATUS.md
		docs\IMPLEMENTATION-PLAN-FINAL-SUMMARY.md = docs\IMPLEMENTATION-PLAN-FINAL-SUMMARY.md
		docs\handoff\issue-26-arrangements-page.md = docs\handoff\issue-26-arrangements-page.md
	EndProjectSection
EndProject
Project("{2150E333-8FDC-42A3-9474-1A3956D46DE8}") = "adr", "adr", "{D2F5F26F-6909-4332-BE19-0DDE9B97EED7}"
	ProjectSection(SolutionItems) = preProject
		docs\adr\0001-arrangement-lifecycle-gates.md = docs\adr\0001-arrangement-lifecycle-gates.md
		docs\adr\0023-rating-rounding-policy.md = docs\adr\0023-rating-rounding-policy.md
		docs\adr\0002-participant-references-user.md = docs\adr\0002-participant-references-user.md
		docs\adr\0009-participants-submit-ratings.md = docs\adr\0009-participants-submit-ratings.md
		docs\adr\0032-api-versioning-from-day-one.md = docs\adr\0032-api-versioning-from-day-one.md
		docs\adr\0024-beer-name-unique-per-brewery.md = docs\adr\0024-beer-name-unique-per-brewery.md
		docs\adr\0033-user-role-and-lifecycle-rules.md = docs\adr\0033-user-role-and-lifecycle-rules.md
		docs\adr\0003-arrangement-status-transitions.md = docs\adr\0003-arrangement-status-transitions.md
		docs\adr\0029-hide-inactive-beers-by-default.md = docs\adr\0029-hide-inactive-beers-by-default.md
		docs\adr\0012-results-scoring-and-tie-breakers.md = docs\adr\0012-results-scoring-and-tie-breakers.md
		docs\adr\0005-rating-and-results-gated-by-status.md = docs\adr\0005-rating-and-results-gated-by-status.md
		docs\adr\0006-arrangement-optimistic-concurrency.md = docs\adr\0006-arrangement-optimistic-concurrency.md
		docs\adr\0013-membership-removal-only-in-created.md = docs\adr\0013-membership-removal-only-in-created.md
		docs\adr\0004-membership-uniqueness-and-conflicts.md = docs\adr\0004-membership-uniqueness-and-conflicts.md
		docs\adr\0007-arrangement-immutable-after-started.md = docs\adr\0007-arrangement-immutable-after-started.md
		docs\adr\0027-server-generates-entity-identifiers.md = docs\adr\0027-server-generates-entity-identifiers.md
		docs\adr\0011-results-auto-created-on-first-rating.md = docs\adr\0011-results-auto-created-on-first-rating.md
		docs\adr\0008-admin-controls-arrangement-membership.md = docs\adr\0008-admin-controls-arrangement-membership.md
		docs\adr\0026-result-participant-rating-is-per-beer.md = docs\adr\0026-result-participant-rating-is-per-beer.md
		docs\adr\0025-inactive-brewery-forces-inactive-beers.md = docs\adr\0025-inactive-brewery-forces-inactive-beers.md
		docs\adr\0021-admin-manages-catalog-participants-rate.md = docs\adr\0021-admin-manages-catalog-participants-rate.md
		docs\adr\0031-unified-error-contract-across-endpoints.md = docs\adr\0031-unified-error-contract-across-endpoints.md
		docs\adr\0016-rating-requires-beerid-and-composite-key.md = docs\adr\0016-rating-requires-beerid-and-composite-key.md
		docs\adr\0030-optimistic-concurrency-on-rating-updates.md = docs\adr\0030-optimistic-concurrency-on-rating-updates.md
		docs\adr\0010-one-rating-per-participant-beer-with-edits.md = docs\adr\0010-one-rating-per-participant-beer-with-edits.md
		docs\adr\0019-single-result-document-per-arrangement-beer.md = docs\adr\0019-single-result-document-per-arrangement-beer.md
		docs\adr\0022-snapshot-beer-metadata-at-arrangement-start.md = docs\adr\0022-snapshot-beer-metadata-at-arrangement-start.md
		docs\adr\0018-result-model-aligned-to-arrangement-and-beer.md = docs\adr\0018-result-model-aligned-to-arrangement-and-beer.md
		docs\adr\0028-full-list-endpoints-without-pagination-in-v1.md = docs\adr\0028-full-list-endpoints-without-pagination-in-v1.md
		docs\adr\0015-beer-requires-brewery-and-brewery-soft-delete.md = docs\adr\0015-beer-requires-brewery-and-brewery-soft-delete.md
		docs\adr\0017-server-calculates-totalrating-and-score-scale.md = docs\adr\0017-server-calculates-totalrating-and-score-scale.md
		docs\adr\0020-taxonomy-uses-concrete-models-and-id-references.md = docs\adr\0020-taxonomy-uses-concrete-models-and-id-references.md
		docs\adr\0014-fastendpoints-mongodb-and-shared-service-pattern.md = docs\adr\0014-fastendpoints-mongodb-and-shared-service-pattern.md
		docs\adr\0034-postgresql-replaces-mongodb.md = docs\adr\0034-postgresql-replaces-mongodb.md
		docs\adr\0039-scalar-documents-all-endpoints.md = docs\adr\0039-scalar-documents-all-endpoints.md
		docs\adr\0042-admin-backoffice-operational-rules.md = docs\adr\0042-admin-backoffice-operational-rules.md
		docs\adr\0035-admin-frontend-is-admin-only-backoffice.md = docs\adr\0035-admin-frontend-is-admin-only-backoffice.md
		docs\adr\0040-protect-internal-api-docs-outside-development.md = docs\adr\0040-protect-internal-api-docs-outside-development.md
		docs\adr\0041-admin-backoffice-rules-live-in-backend-handlers.md = docs\adr\0041-admin-backoffice-rules-live-in-backend-handlers.md
		docs\adr\0044-admin-wireframes-live-in-one-annotated-document.md = docs\adr\0044-admin-wireframes-live-in-one-annotated-document.md
		docs\adr\0045-test-data-seeding-in-development.md = docs\adr\0045-test-data-seeding-in-development.md
		docs\adr\0038-admin-frontend-starts-with-bunit-component-tests.md = docs\adr\0038-admin-frontend-starts-with-bunit-component-tests.md
		docs\adr\0037-admin-frontend-uses-feature-first-vertical-slices.md = docs\adr\0037-admin-frontend-uses-feature-first-vertical-slices.md
		docs\adr\0036-admin-page-starts-as-blank-blazor-web-app-in-aspire.md = docs\adr\0036-admin-page-starts-as-blank-blazor-web-app-in-aspire.md
		docs\adr\0043-admin-wireframes-follow-the-shell-and-domain-states.md = docs\adr\0043-admin-wireframes-follow-the-shell-and-domain-states.md
	EndProjectSection
EndProject
Project("{FAE04EC0-301F-11D3-BF4B-00C04F79EFBC}") = "SharedLibrary.EntityFramework", "src\Shared\SharedLibrary.EntityFramework\SharedLibrary.EntityFramework.csproj", "{B3513A36-702E-48AF-83C7-B062F3A4731D}"
EndProject
Project("{FAE04EC0-301F-11D3-BF4B-00C04F79EFBC}") = "Tasting.Api", "src\Backend\Tasting.Api\Tasting.Api.csproj", "{AC553F73-5FFD-48C3-9543-EF3E3134CD91}"
EndProject
Project("{FAE04EC0-301F-11D3-BF4B-00C04F79EFBC}") = "Tasting.Api.UnitTests", "tests\Tasting.Api.UnitTests\Tasting.Api.UnitTests.csproj", "{067B1CFE-07FA-4E9E-980B-D7302F11338C}"
EndProject
Project("{FAE04EC0-301F-11D3-BF4B-00C04F79EFBC}") = "Tasting.Api.IntegrationTests", "tests\Tasting.Api.IntegrationTests\Tasting.Api.IntegrationTests.csproj", "{B4963B88-1231-49B2-A1E4-B8641A52F3C3}"
EndProject
Project("{FAE04EC0-301F-11D3-BF4B-00C04F79EFBC}") = "SharedLibrary.UnitTests", "tests\SharedLibrary.UnitTests\SharedLibrary.UnitTests.csproj", "{D8DB7C7A-641D-49DD-8E87-5998FC0C469A}"
EndProject
Project("{FAE04EC0-301F-11D3-BF4B-00C04F79EFBC}") = "SharedLibrary.EntityFramework.UnitTests", "tests\SharedLibrary.EntityFramework.UnitTests\SharedLibrary.EntityFramework.UnitTests.csproj", "{7AC65077-FB1A-4AF8-8C8A-61381A213AC6}"
EndProject
Project("{FAE04EC0-301F-11D3-BF4B-00C04F79EFBC}") = "SharedLibrary.FastEndpoints.UnitTests", "tests\SharedLibrary.FastEndpoints.UnitTests\SharedLibrary.FastEndpoints.UnitTests.csproj", "{99FF897C-B386-4859-BA8C-7A0BD610010A}"
EndProject
Project("{FAE04EC0-301F-11D3-BF4B-00C04F79EFBC}") = "SharedLibrary.FluentMigration.UnitTests", "tests\SharedLibrary.FluentMigration.UnitTests\SharedLibrary.FluentMigration.UnitTests.csproj", "{CB2888D4-8BFF-4D7C-B952-30CBE99ABC4D}"
EndProject
Project("{FAE04EC0-301F-11D3-BF4B-00C04F79EFBC}") = "SharedLibrary.HttpClient.UnitTests", "tests\SharedLibrary.HttpClient.UnitTests\SharedLibrary.HttpClient.UnitTests.csproj", "{8A1F5E01-2442-48CD-9A5E-8951C225F612}"
EndProject
Project("{FAE04EC0-301F-11D3-BF4B-00C04F79EFBC}") = "SharedLibrary.MongoDB.UnitTests", "tests\SharedLibrary.MongoDB.UnitTests\SharedLibrary.MongoDB.UnitTests.csproj", "{83BFF45B-1A14-458C-AF44-71A7CC762D2E}"
EndProject
Project("{FAE04EC0-301F-11D3-BF4B-00C04F79EFBC}") = "SharedLibrary.PostgreSql.EntityFramework.UnitTests", "tests\SharedLibrary.PostgreSql.EntityFramework.UnitTests\SharedLibrary.PostgreSql.EntityFramework.UnitTests.csproj", "{267637ED-2CA2-4246-B51A-5D0EB7605F5E}"
EndProject
Project("{FAE04EC0-301F-11D3-BF4B-00C04F79EFBC}") = "SharedLibrary.Redis.UnitTests", "tests\SharedLibrary.Redis.UnitTests\SharedLibrary.Redis.UnitTests.csproj", "{E6E12CD3-4DF8-49F3-8A07-54B69C438DE0}"
EndProject
Project("{FAE04EC0-301F-11D3-BF4B-00C04F79EFBC}") = "SharedLibrary.Services.UnitTests", "tests\SharedLibrary.Services.UnitTests\SharedLibrary.Services.UnitTests.csproj", "{2B027C07-2258-44A5-94A0-3B053EAED62A}"
EndProject
Project("{FAE04EC0-301F-11D3-BF4B-00C04F79EFBC}") = "Tasting.Admin", "src\Frontend\Tasting.Admin\Tasting.Admin.csproj", "{87A081E9-454B-4255-A5C8-6CF239993953}"
EndProject
Project("{FAE04EC0-301F-11D3-BF4B-00C04F79EFBC}") = "Tasting.Admin.UnitTests", "tests\Tasting.Admin.UnitTests\Tasting.Admin.UnitTests.csproj", "{D2751CE9-6B64-408B-98BD-56BF825990A4}"
EndProject
Global
	GlobalSection(SolutionConfigurationPlatforms) = preSolution
		Debug|Any CPU = Debug|Any CPU
		Debug|x64 = Debug|x64
		Debug|x86 = Debug|x86
		Release|Any CPU = Release|Any CPU
		Release|x64 = Release|x64
		Release|x86 = Release|x86
	EndGlobalSection
	GlobalSection(ProjectConfigurationPlatforms) = postSolution
		{BAF2E2EA-D86B-4084-82F5-B403F5E689F9}.Debug|Any CPU.ActiveCfg = Debug|Any CPU
		{BAF2E2EA-D86B-4084-82F5-B403F5E689F9}.Debug|Any CPU.Build.0 = Debug|Any CPU
		{BAF2E2EA-D86B-4084-82F5-B403F5E689F9}.Debug|x64.ActiveCfg = Debug|Any CPU
		{BAF2E2EA-D86B-4084-82F5-B403F5E689F9}.Debug|x64.Build.0 = Debug|Any CPU
		{BAF2E2EA-D86B-4084-82F5-B403F5E689F9}.Debug|x86.ActiveCfg = Debug|Any CPU
		{BAF2E2EA-D86B-4084-82F5-B403F5E689F9}.Debug|x86.Build.0 = Debug|Any CPU
		{BAF2E2EA-D86B-4084-82F5-B403F5E689F9}.Release|Any CPU.ActiveCfg = Release|Any CPU
		{BAF2E2EA-D86B-4084-82F5-B403F5E689F9}.Release|Any CPU.Build.0 = Release|Any CPU
		{BAF2E2EA-D86B-4084-82F5-B403F5E689F9}.Release|x64.ActiveCfg = Release|Any CPU
		{BAF2E2EA-D86B-4084-82F5-B403F5E689F9}.Release|x64.Build.0 = Release|Any CPU
		{BAF2E2EA-D86B-4084-82F5-B403F5E689F9}.Release|x86.ActiveCfg = Release|Any CPU
		{BAF2E2EA-D86B-4084-82F5-B403F5E689F9}.Release|x86.Build.0 = Release|Any CPU
		{08280C08-4100-4C4F-AF57-6F808B6DCEDF}.Debug|Any CPU.ActiveCfg = Debug|Any CPU
		{08280C08-4100-4C4F-AF57-6F808B6DCEDF}.Debug|Any CPU.Build.0 = Debug|Any CPU
		{08280C08-4100-4C4F-AF57-6F808B6DCEDF}.Debug|x64.ActiveCfg = Debug|Any CPU
		{08280C08-4100-4C4F-AF57-6F808B6DCEDF}.Debug|x64.Build.0 = Debug|Any CPU
		{08280C08-4100-4C4F-AF57-6F808B6DCEDF}.Debug|x86.ActiveCfg = Debug|Any CPU
		{08280C08-4100-4C4F-AF57-6F808B6DCEDF}.Debug|x86.Build.0 = Debug|Any CPU
		{08280C08-4100-4C4F-AF57-6F808B6DCEDF}.Release|Any CPU.ActiveCfg = Release|Any CPU
		{08280C08-4100-4C4F-AF57-6F808B6DCEDF}.Release|Any CPU.Build.0 = Release|Any CPU
		{08280C08-4100-4C4F-AF57-6F808B6DCEDF}.Release|x64.ActiveCfg = Release|Any CPU
		{08280C08-4100-4C4F-AF57-6F808B6DCEDF}.Release|x64.Build.0 = Release|Any CPU
		{08280C08-4100-4C4F-AF57-6F808B6DCEDF}.Release|x86.ActiveCfg = Release|Any CPU
		{08280C08-4100-4C4F-AF57-6F808B6DCEDF}.Release|x86.Build.0 = Release|Any CPU
		{CCBDD593-C4E3-421C-BAA5-8E55A1ADE044}.Debug|Any CPU.ActiveCfg = Debug|Any CPU
		{CCBDD593-C4E3-421C-BAA5-8E55A1ADE044}.Debug|Any CPU.Build.0 = Debug|Any CPU
		{CCBDD593-C4E3-421C-BAA5-8E55A1ADE044}.Debug|x64.ActiveCfg = Debug|Any CPU
		{CCBDD593-C4E3-421C-BAA5-8E55A1ADE044}.Debug|x64.Build.0 = Debug|Any CPU
		{CCBDD593-C4E3-421C-BAA5-8E55A1ADE044}.Debug|x86.ActiveCfg = Debug|Any CPU
		{CCBDD593-C4E3-421C-BAA5-8E55A1ADE044}.Debug|x86.Build.0 = Debug|Any CPU
		{CCBDD593-C4E3-421C-BAA5-8E55A1ADE044}.Release|Any CPU.ActiveCfg = Release|Any CPU
		{CCBDD593-C4E3-421C-BAA5-8E55A1ADE044}.Release|Any CPU.Build.0 = Release|Any CPU
		{CCBDD593-C4E3-421C-BAA5-8E55A1ADE044}.Release|x64.ActiveCfg = Release|Any CPU
		{CCBDD593-C4E3-421C-BAA5-8E55A1ADE044}.Release|x64.Build.0 = Release|Any CPU
		{CCBDD593-C4E3-421C-BAA5-8E55A1ADE044}.Release|x86.ActiveCfg = Release|Any CPU
		{CCBDD593-C4E3-421C-BAA5-8E55A1ADE044}.Release|x86.Build.0 = Release|Any CPU
		{C75E9ACF-80E8-441B-AAFF-E90640E7375C}.Debug|Any CPU.ActiveCfg = Debug|Any CPU
		{C75E9ACF-80E8-441B-AAFF-E90640E7375C}.Debug|Any CPU.Build.0 = Debug|Any CPU
		{C75E9ACF-80E8-441B-AAFF-E90640E7375C}.Debug|x64.ActiveCfg = Debug|Any CPU
		{C75E9ACF-80E8-441B-AAFF-E90640E7375C}.Debug|x64.Build.0 = Debug|Any CPU
		{C75E9ACF-80E8-441B-AAFF-E90640E7375C}.Debug|x86.ActiveCfg = Debug|Any CPU
		{C75E9ACF-80E8-441B-AAFF-E90640E7375C}.Debug|x86.Build.0 = Debug|Any CPU
		{C75E9ACF-80E8-441B-AAFF-E90640E7375C}.Release|Any CPU.ActiveCfg = Release|Any CPU
		{C75E9ACF-80E8-441B-AAFF-E90640E7375C}.Release|Any CPU.Build.0 = Release|Any CPU
		{C75E9ACF-80E8-441B-AAFF-E90640E7375C}.Release|x64.ActiveCfg = Release|Any CPU
		{C75E9ACF-80E8-441B-AAFF-E90640E7375C}.Release|x64.Build.0 = Release|Any CPU
		{C75E9ACF-80E8-441B-AAFF-E90640E7375C}.Release|x86.ActiveCfg = Release|Any CPU
		{C75E9ACF-80E8-441B-AAFF-E90640E7375C}.Release|x86.Build.0 = Release|Any CPU
		{8E54AC65-4FBD-4B5D-9DE7-196555B5646C}.Debug|Any CPU.ActiveCfg = Debug|Any CPU
		{8E54AC65-4FBD-4B5D-9DE7-196555B5646C}.Debug|Any CPU.Build.0 = Debug|Any CPU
		{8E54AC65-4FBD-4B5D-9DE7-196555B5646C}.Debug|x64.ActiveCfg = Debug|Any CPU
		{8E54AC65-4FBD-4B5D-9DE7-196555B5646C}.Debug|x64.Build.0 = Debug|Any CPU
		{8E54AC65-4FBD-4B5D-9DE7-196555B5646C}.Debug|x86.ActiveCfg = Debug|Any CPU
		{8E54AC65-4FBD-4B5D-9DE7-196555B5646C}.Debug|x86.Build.0 = Debug|Any CPU
		{8E54AC65-4FBD-4B5D-9DE7-196555B5646C}.Release|Any CPU.ActiveCfg = Release|Any CPU
		{8E54AC65-4FBD-4B5D-9DE7-196555B5646C}.Release|Any CPU.Build.0 = Release|Any CPU
		{8E54AC65-4FBD-4B5D-9DE7-196555B5646C}.Release|x64.ActiveCfg = Release|Any CPU
		{8E54AC65-4FBD-4B5D-9DE7-196555B5646C}.Release|x64.Build.0 = Release|Any CPU
		{8E54AC65-4FBD-4B5D-9DE7-196555B5646C}.Release|x86.ActiveCfg = Release|Any CPU
		{8E54AC65-4FBD-4B5D-9DE7-196555B5646C}.Release|x86.Build.0 = Release|Any CPU
		{209DBAB6-9D96-4CD9-9DEF-293724A14AE0}.Debug|Any CPU.ActiveCfg = Debug|Any CPU
		{209DBAB6-9D96-4CD9-9DEF-293724A14AE0}.Debug|Any CPU.Build.0 = Debug|Any CPU
		{209DBAB6-9D96-4CD9-9DEF-293724A14AE0}.Debug|x64.ActiveCfg = Debug|Any CPU
		{209DBAB6-9D96-4CD9-9DEF-293724A14AE0}.Debug|x64.Build.0 = Debug|Any CPU
		{209DBAB6-9D96-4CD9-9DEF-293724A14AE0}.Debug|x86.ActiveCfg = Debug|Any CPU
		{209DBAB6-9D96-4CD9-9DEF-293724A14AE0}.Debug|x86.Build.0 = Debug|Any CPU
		{209DBAB6-9D96-4CD9-9DEF-293724A14AE0}.Release|Any CPU.ActiveCfg = Release|Any CPU
		{209DBAB6-9D96-4CD9-9DEF-293724A14AE0}.Release|Any CPU.Build.0 = Release|Any CPU
		{209DBAB6-9D96-4CD9-9DEF-293724A14AE0}.Release|x64.ActiveCfg = Release|Any CPU
		{209DBAB6-9D96-4CD9-9DEF-293724A14AE0}.Release|x64.Build.0 = Release|Any CPU
		{209DBAB6-9D96-4CD9-9DEF-293724A14AE0}.Release|x86.ActiveCfg = Release|Any CPU
		{209DBAB6-9D96-4CD9-9DEF-293724A14AE0}.Release|x86.Build.0 = Release|Any CPU
		{82DC2378-965F-4771-9CB7-9F94EA84B12A}.Debug|Any CPU.ActiveCfg = Debug|Any CPU
		{82DC2378-965F-4771-9CB7-9F94EA84B12A}.Debug|Any CPU.Build.0 = Debug|Any CPU
		{82DC2378-965F-4771-9CB7-9F94EA84B12A}.Debug|x64.ActiveCfg = Debug|Any CPU
		{82DC2378-965F-4771-9CB7-9F94EA84B12A}.Debug|x64.Build.0 = Debug|Any CPU
		{82DC2378-965F-4771-9CB7-9F94EA84B12A}.Debug|x86.ActiveCfg = Debug|Any CPU
		{82DC2378-965F-4771-9CB7-9F94EA84B12A}.Debug|x86.Build.0 = Debug|Any CPU
		{82DC2378-965F-4771-9CB7-9F94EA84B12A}.Release|Any CPU.ActiveCfg = Release|Any CPU
		{82DC2378-965F-4771-9CB7-9F94EA84B12A}.Release|Any CPU.Build.0 = Release|Any CPU
		{82DC2378-965F-4771-9CB7-9F94EA84B12A}.Release|x64.ActiveCfg = Release|Any CPU
		{82DC2378-965F-4771-9CB7-9F94EA84B12A}.Release|x64.Build.0 = Release|Any CPU
		{82DC2378-965F-4771-9CB7-9F94EA84B12A}.Release|x86.ActiveCfg = Release|Any CPU
		{82DC2378-965F-4771-9CB7-9F94EA84B12A}.Release|x86.Build.0 = Release|Any CPU
		{E011C7DC-F915-4302-8955-8401E22B6D88}.Debug|Any CPU.ActiveCfg = Debug|Any CPU
		{E011C7DC-F915-4302-8955-8401E22B6D88}.Debug|Any CPU.Build.0 = Debug|Any CPU
		{E011C7DC-F915-4302-8955-8401E22B6D88}.Debug|x64.ActiveCfg = Debug|Any CPU
		{E011C7DC-F915-4302-8955-8401E22B6D88}.Debug|x64.Build.0 = Debug|Any CPU
		{E011C7DC-F915-4302-8955-8401E22B6D88}.Debug|x86.ActiveCfg = Debug|Any CPU
		{E011C7DC-F915-4302-8955-8401E22B6D88}.Debug|x86.Build.0 = Debug|Any CPU
		{E011C7DC-F915-4302-8955-8401E22B6D88}.Release|Any CPU.ActiveCfg = Release|Any CPU
		{E011C7DC-F915-4302-8955-8401E22B6D88}.Release|Any CPU.Build.0 = Release|Any CPU
		{E011C7DC-F915-4302-8955-8401E22B6D88}.Release|x64.ActiveCfg = Release|Any CPU
		{E011C7DC-F915-4302-8955-8401E22B6D88}.Release|x64.Build.0 = Release|Any CPU
		{E011C7DC-F915-4302-8955-8401E22B6D88}.Release|x86.ActiveCfg = Release|Any CPU
		{E011C7DC-F915-4302-8955-8401E22B6D88}.Release|x86.Build.0 = Release|Any CPU
		{467B805F-02BB-4EA8-91C1-365D9C320F8A}.Debug|Any CPU.ActiveCfg = Debug|Any CPU
		{467B805F-02BB-4EA8-91C1-365D9C320F8A}.Debug|Any CPU.Build.0 = Debug|Any CPU
		{467B805F-02BB-4EA8-91C1-365D9C320F8A}.Debug|x64.ActiveCfg = Debug|Any CPU
		{467B805F-02BB-4EA8-91C1-365D9C320F8A}.Debug|x64.Build.0 = Debug|Any CPU
		{467B805F-02BB-4EA8-91C1-365D9C320F8A}.Debug|x86.ActiveCfg = Debug|Any CPU
		{467B805F-02BB-4EA8-91C1-365D9C320F8A}.Debug|x86.Build.0 = Debug|Any CPU
		{467B805F-02BB-4EA8-91C1-365D9C320F8A}.Release|Any CPU.ActiveCfg = Release|Any CPU
		{467B805F-02BB-4EA8-91C1-365D9C320F8A}.Release|Any CPU.Build.0 = Release|Any CPU
		{467B805F-02BB-4EA8-91C1-365D9C320F8A}.Release|x64.ActiveCfg = Release|Any CPU
		{467B805F-02BB-4EA8-91C1-365D9C320F8A}.Release|x64.Build.0 = Release|Any CPU
		{467B805F-02BB-4EA8-91C1-365D9C320F8A}.Release|x86.ActiveCfg = Release|Any CPU
		{467B805F-02BB-4EA8-91C1-365D9C320F8A}.Release|x86.Build.0 = Release|Any CPU
		{E8271F2E-BF13-4D99-9448-8860B8067BB6}.Debug|Any CPU.ActiveCfg = Debug|Any CPU
		{E8271F2E-BF13-4D99-9448-8860B8067BB6}.Debug|Any CPU.Build.0 = Debug|Any CPU
		{E8271F2E-BF13-4D99-9448-8860B8067BB6}.Debug|x64.ActiveCfg = Debug|Any CPU
		{E8271F2E-BF13-4D99-9448-8860B8067BB6}.Debug|x64.Build.0 = Debug|Any CPU
		{E8271F2E-BF13-4D99-9448-8860B8067BB6}.Debug|x86.ActiveCfg = Debug|Any CPU
		{E8271F2E-BF13-4D99-9448-8860B8067BB6}.Debug|x86.Build.0 = Debug|Any CPU
		{E8271F2E-BF13-4D99-9448-8860B8067BB6}.Release|Any CPU.ActiveCfg = Release|Any CPU
		{E8271F2E-BF13-4D99-9448-8860B8067BB6}.Release|Any CPU.Build.0 = Release|Any CPU
		{E8271F2E-BF13-4D99-9448-8860B8067BB6}.Release|x64.ActiveCfg = Release|Any CPU
		{E8271F2E-BF13-4D99-9448-8860B8067BB6}.Release|x64.Build.0 = Release|Any CPU
		{E8271F2E-BF13-4D99-9448-8860B8067BB6}.Release|x86.ActiveCfg = Release|Any CPU
		{E8271F2E-BF13-4D99-9448-8860B8067BB6}.Release|x86.Build.0 = Release|Any CPU
		{B3513A36-702E-48AF-83C7-B062F3A4731D}.Debug|Any CPU.ActiveCfg = Debug|Any CPU
		{B3513A36-702E-48AF-83C7-B062F3A4731D}.Debug|Any CPU.Build.0 = Debug|Any CPU
		{B3513A36-702E-48AF-83C7-B062F3A4731D}.Debug|x64.ActiveCfg = Debug|Any CPU
		{B3513A36-702E-48AF-83C7-B062F3A4731D}.Debug|x64.Build.0 = Debug|Any CPU
		{B3513A36-702E-48AF-83C7-B062F3A4731D}.Debug|x86.ActiveCfg = Debug|Any CPU
		{B3513A36-702E-48AF-83C7-B062F3A4731D}.Debug|x86.Build.0 = Debug|Any CPU
		{B3513A36-702E-48AF-83C7-B062F3A4731D}.Release|Any CPU.ActiveCfg = Release|Any CPU
		{B3513A36-702E-48AF-83C7-B062F3A4731D}.Release|Any CPU.Build.0 = Release|Any CPU
		{B3513A36-702E-48AF-83C7-B062F3A4731D}.Release|x64.ActiveCfg = Release|Any CPU
		{B3513A36-702E-48AF-83C7-B062F3A4731D}.Release|x64.Build.0 = Release|Any CPU
		{B3513A36-702E-48AF-83C7-B062F3A4731D}.Release|x86.ActiveCfg = Release|Any CPU
		{B3513A36-702E-48AF-83C7-B062F3A4731D}.Release|x86.Build.0 = Release|Any CPU
		{AC553F73-5FFD-48C3-9543-EF3E3134CD91}.Debug|Any CPU.ActiveCfg = Debug|Any CPU
		{AC553F73-5FFD-48C3-9543-EF3E3134CD91}.Debug|Any CPU.Build.0 = Debug|Any CPU
		{AC553F73-5FFD-48C3-9543-EF3E3134CD91}.Debug|x64.ActiveCfg = Debug|Any CPU
		{AC553F73-5FFD-48C3-9543-EF3E3134CD91}.Debug|x64.Build.0 = Debug|Any CPU
		{AC553F73-5FFD-48C3-9543-EF3E3134CD91}.Debug|x86.ActiveCfg = Debug|Any CPU
		{AC553F73-5FFD-48C3-9543-EF3E3134CD91}.Debug|x86.Build.0 = Debug|Any CPU
		{AC553F73-5FFD-48C3-9543-EF3E3134CD91}.Release|Any CPU.ActiveCfg = Release|Any CPU
		{AC553F73-5FFD-48C3-9543-EF3E3134CD91}.Release|Any CPU.Build.0 = Release|Any CPU
		{AC553F73-5FFD-48C3-9543-EF3E3134CD91}.Release|x64.ActiveCfg = Release|Any CPU
		{AC553F73-5FFD-48C3-9543-EF3E3134CD91}.Release|x64.Build.0 = Release|Any CPU
		{AC553F73-5FFD-48C3-9543-EF3E3134CD91}.Release|x86.ActiveCfg = Release|Any CPU
		{AC553F73-5FFD-48C3-9543-EF3E3134CD91}.Release|x86.Build.0 = Release|Any CPU
		{067B1CFE-07FA-4E9E-980B-D7302F11338C}.Debug|Any CPU.ActiveCfg = Debug|Any CPU
		{067B1CFE-07FA-4E9E-980B-D7302F11338C}.Debug|Any CPU.Build.0 = Debug|Any CPU
		{067B1CFE-07FA-4E9E-980B-D7302F11338C}.Debug|x64.ActiveCfg = Debug|Any CPU
		{067B1CFE-07FA-4E9E-980B-D7302F11338C}.Debug|x64.Build.0 = Debug|Any CPU
		{067B1CFE-07FA-4E9E-980B-D7302F11338C}.Debug|x86.ActiveCfg = Debug|Any CPU
		{067B1CFE-07FA-4E9E-980B-D7302F11338C}.Debug|x86.Build.0 = Debug|Any CPU
		{067B1CFE-07FA-4E9E-980B-D7302F11338C}.Release|Any CPU.ActiveCfg = Release|Any CPU
		{067B1CFE-07FA-4E9E-980B-D7302F11338C}.Release|Any CPU.Build.0 = Release|Any CPU
		{067B1CFE-07FA-4E9E-980B-D7302F11338C}.Release|x64.ActiveCfg = Release|Any CPU
		{067B1CFE-07FA-4E9E-980B-D7302F11338C}.Release|x64.Build.0 = Release|Any CPU
		{067B1CFE-07FA-4E9E-980B-D7302F11338C}.Release|x86.ActiveCfg = Release|Any CPU
		{067B1CFE-07FA-4E9E-980B-D7302F11338C}.Release|x86.Build.0 = Release|Any CPU
		{B4963B88-1231-49B2-A1E4-B8641A52F3C3}.Debug|Any CPU.ActiveCfg = Debug|Any CPU
		{B4963B88-1231-49B2-A1E4-B8641A52F3C3}.Debug|Any CPU.Build.0 = Debug|Any CPU
		{B4963B88-1231-49B2-A1E4-B8641A52F3C3}.Debug|x64.ActiveCfg = Debug|Any CPU
		{B4963B88-1231-49B2-A1E4-B8641A52F3C3}.Debug|x64.Build.0 = Debug|Any CPU
		{B4963B88-1231-49B2-A1E4-B8641A52F3C3}.Debug|x86.ActiveCfg = Debug|Any CPU
		{B4963B88-1231-49B2-A1E4-B8641A52F3C3}.Debug|x86.Build.0 = Debug|Any CPU
		{B4963B88-1231-49B2-A1E4-B8641A52F3C3}.Release|Any CPU.ActiveCfg = Release|Any CPU
		{B4963B88-1231-49B2-A1E4-B8641A52F3C3}.Release|Any CPU.Build.0 = Release|Any CPU
		{B4963B88-1231-49B2-A1E4-B8641A52F3C3}.Release|x64.ActiveCfg = Release|Any CPU
		{B4963B88-1231-49B2-A1E4-B8641A52F3C3}.Release|x64.Build.0 = Release|Any CPU
		{B4963B88-1231-49B2-A1E4-B8641A52F3C3}.Release|x86.ActiveCfg = Release|Any CPU
		{B4963B88-1231-49B2-A1E4-B8641A52F3C3}.Release|x86.Build.0 = Release|Any CPU
		{D8DB7C7A-641D-49DD-8E87-5998FC0C469A}.Debug|Any CPU.ActiveCfg = Debug|Any CPU
		{D8DB7C7A-641D-49DD-8E87-5998FC0C469A}.Debug|Any CPU.Build.0 = Debug|Any CPU
		{D8DB7C7A-641D-49DD-8E87-5998FC0C469A}.Debug|x64.ActiveCfg = Debug|Any CPU
		{D8DB7C7A-641D-49DD-8E87-5998FC0C469A}.Debug|x64.Build.0 = Debug|Any CPU
		{D8DB7C7A-641D-49DD-8E87-5998FC0C469A}.Debug|x86.ActiveCfg = Debug|Any CPU
		{D8DB7C7A-641D-49DD-8E87-5998FC0C469A}.Debug|x86.Build.0 = Debug|Any CPU
		{D8DB7C7A-641D-49DD-8E87-5998FC0C469A}.Release|Any CPU.ActiveCfg = Release|Any CPU
		{D8DB7C7A-641D-49DD-8E87-5998FC0C469A}.Release|Any CPU.Build.0 = Release|Any CPU
		{D8DB7C7A-641D-49DD-8E87-5998FC0C469A}.Release|x64.ActiveCfg = Release|Any CPU
		{D8DB7C7A-641D-49DD-8E87-5998FC0C469A}.Release|x64.Build.0 = Release|Any CPU
		{D8DB7C7A-641D-49DD-8E87-5998FC0C469A}.Release|x86.ActiveCfg = Release|Any CPU
		{D8DB7C7A-641D-49DD-8E87-5998FC0C469A}.Release|x86.Build.0 = Release|Any CPU
		{7AC65077-FB1A-4AF8-8C8A-61381A213AC6}.Debug|Any CPU.ActiveCfg = Debug|Any CPU
		{7AC65077-FB1A-4AF8-8C8A-61381A213AC6}.Debug|Any CPU.Build.0 = Debug|Any CPU
		{7AC65077-FB1A-4AF8-8C8A-61381A213AC6}.Debug|x64.ActiveCfg = Debug|Any CPU
		{7AC65077-FB1A-4AF8-8C8A-61381A213AC6}.Debug|x64.Build.0 = Debug|Any CPU
		{7AC65077-FB1A-4AF8-8C8A-61381A213AC6}.Debug|x86.ActiveCfg = Debug|Any CPU
		{7AC65077-FB1A-4AF8-8C8A-61381A213AC6}.Debug|x86.Build.0 = Debug|Any CPU
		{7AC65077-FB1A-4AF8-8C8A-61381A213AC6}.Release|Any CPU.ActiveCfg = Release|Any CPU
		{7AC65077-FB1A-4AF8-8C8A-61381A213AC6}.Release|Any CPU.Build.0 = Release|Any CPU
		{7AC65077-FB1A-4AF8-8C8A-61381A213AC6}.Release|x64.ActiveCfg = Release|Any CPU
		{7AC65077-FB1A-4AF8-8C8A-61381A213AC6}.Release|x64.Build.0 = Release|Any CPU
		{7AC65077-FB1A-4AF8-8C8A-61381A213AC6}.Release|x86.ActiveCfg = Release|Any CPU
		{7AC65077-FB1A-4AF8-8C8A-61381A213AC6}.Release|x86.Build.0 = Release|Any CPU
		{99FF897C-B386-4859-BA8C-7A0BD610010A}.Debug|Any CPU.ActiveCfg = Debug|Any CPU
		{99FF897C-B386-4859-BA8C-7A0BD610010A}.Debug|Any CPU.Build.0 = Debug|Any CPU
		{99FF897C-B386-4859-BA8C-7A0BD610010A}.Debug|x64.ActiveCfg = Debug|Any CPU
		{99FF897C-B386-4859-BA8C-7A0BD610010A}.Debug|x64.Build.0 = Debug|Any CPU
		{99FF897C-B386-4859-BA8C-7A0BD610010A}.Debug|x86.ActiveCfg = Debug|Any CPU
		{99FF897C-B386-4859-BA8C-7A0BD610010A}.Debug|x86.Build.0 = Debug|Any CPU
		{99FF897C-B386-4859-BA8C-7A0BD610010A}.Release|Any CPU.ActiveCfg = Release|Any CPU
		{99FF897C-B386-4859-BA8C-7A0BD610010A}.Release|Any CPU.Build.0 = Release|Any CPU
		{99FF897C-B386-4859-BA8C-7A0BD610010A}.Release|x64.ActiveCfg = Release|Any CPU
		{99FF897C-B386-4859-BA8C-7A0BD610010A}.Release|x64.Build.0 = Release|Any CPU
		{99FF897C-B386-4859-BA8C-7A0BD610010A}.Release|x86.ActiveCfg = Release|Any CPU
		{99FF897C-B386-4859-BA8C-7A0BD610010A}.Release|x86.Build.0 = Release|Any CPU
		{CB2888D4-8BFF-4D7C-B952-30CBE99ABC4D}.Debug|Any CPU.ActiveCfg = Debug|Any CPU
		{CB2888D4-8BFF-4D7C-B952-30CBE99ABC4D}.Debug|Any CPU.Build.0 = Debug|Any CPU
		{CB2888D4-8BFF-4D7C-B952-30CBE99ABC4D}.Debug|x64.ActiveCfg = Debug|Any CPU
		{CB2888D4-8BFF-4D7C-B952-30CBE99ABC4D}.Debug|x64.Build.0 = Debug|Any CPU
		{CB2888D4-8BFF-4D7C-B952-30CBE99ABC4D}.Debug|x86.ActiveCfg = Debug|Any CPU
		{CB2888D4-8BFF-4D7C-B952-30CBE99ABC4D}.Debug|x86.Build.0 = Debug|Any CPU
		{CB2888D4-8BFF-4D7C-B952-30CBE99ABC4D}.Release|Any CPU.ActiveCfg = Release|Any CPU
		{CB2888D4-8BFF-4D7C-B952-30CBE99ABC4D}.Release|Any CPU.Build.0 = Release|Any CPU
		{CB2888D4-8BFF-4D7C-B952-30CBE99ABC4D}.Release|x64.ActiveCfg = Release|Any CPU
		{CB2888D4-8BFF-4D7C-B952-30CBE99ABC4D}.Release|x64.Build.0 = Release|Any CPU
		{CB2888D4-8BFF-4D7C-B952-30CBE99ABC4D}.Release|x86.ActiveCfg = Release|Any CPU
		{CB2888D4-8BFF-4D7C-B952-30CBE99ABC4D}.Release|x86.Build.0 = Release|Any CPU
		{8A1F5E01-2442-48CD-9A5E-8951C225F612}.Debug|Any CPU.ActiveCfg = Debug|Any CPU
		{8A1F5E01-2442-48CD-9A5E-8951C225F612}.Debug|Any CPU.Build.0 = Debug|Any CPU
		{8A1F5E01-2442-48CD-9A5E-8951C225F612}.Debug|x64.ActiveCfg = Debug|Any CPU
		{8A1F5E01-2442-48CD-9A5E-8951C225F612}.Debug|x64.Build.0 = Debug|Any CPU
		{8A1F5E01-2442-48CD-9A5E-8951C225F612}.Debug|x86.ActiveCfg = Debug|Any CPU
		{8A1F5E01-2442-48CD-9A5E-8951C225F612}.Debug|x86.Build.0 = Debug|Any CPU
		{8A1F5E01-2442-48CD-9A5E-8951C225F612}.Release|Any CPU.ActiveCfg = Release|Any CPU
		{8A1F5E01-2442-48CD-9A5E-8951C225F612}.Release|Any CPU.Build.0 = Release|Any CPU
		{8A1F5E01-2442-48CD-9A5E-8951C225F612}.Release|x64.ActiveCfg = Release|Any CPU
		{8A1F5E01-2442-48CD-9A5E-8951C225F612}.Release|x64.Build.0 = Release|Any CPU
		{8A1F5E01-2442-48CD-9A5E-8951C225F612}.Release|x86.ActiveCfg = Release|Any CPU
		{8A1F5E01-2442-48CD-9A5E-8951C225F612}.Release|x86.Build.0 = Release|Any CPU
		{83BFF45B-1A14-458C-AF44-71A7CC762D2E}.Debug|Any CPU.ActiveCfg = Debug|Any CPU
		{83BFF45B-1A14-458C-AF44-71A7CC762D2E}.Debug|Any CPU.Build.0 = Debug|Any CPU
		{83BFF45B-1A14-458C-AF44-71A7CC762D2E}.Debug|x64.ActiveCfg = Debug|Any CPU
		{83BFF45B-1A14-458C-AF44-71A7CC762D2E}.Debug|x64.Build.0 = Debug|Any CPU
		{83BFF45B-1A14-458C-AF44-71A7CC762D2E}.Debug|x86.ActiveCfg = Debug|Any CPU
		{83BFF45B-1A14-458C-AF44-71A7CC762D2E}.Debug|x86.Build.0 = Debug|Any CPU
		{83BFF45B-1A14-458C-AF44-71A7CC762D2E}.Release|Any CPU.ActiveCfg = Release|Any CPU
		{83BFF45B-1A14-458C-AF44-71A7CC762D2E}.Release|Any CPU.Build.0 = Release|Any CPU
		{83BFF45B-1A14-458C-AF44-71A7CC762D2E}.Release|x64.ActiveCfg = Release|Any CPU
		{83BFF45B-1A14-458C-AF44-71A7CC762D2E}.Release|x64.Build.0 = Release|Any CPU
		{83BFF45B-1A14-458C-AF44-71A7CC762D2E}.Release|x86.ActiveCfg = Release|Any CPU
		{83BFF45B-1A14-458C-AF44-71A7CC762D2E}.Release|x86.Build.0 = Release|Any CPU
		{267637ED-2CA2-4246-B51A-5D0EB7605F5E}.Debug|Any CPU.ActiveCfg = Debug|Any CPU
		{267637ED-2CA2-4246-B51A-5D0EB7605F5E}.Debug|Any CPU.Build.0 = Debug|Any CPU
		{267637ED-2CA2-4246-B51A-5D0EB7605F5E}.Debug|x64.ActiveCfg = Debug|Any CPU
		{267637ED-2CA2-4246-B51A-5D0EB7605F5E}.Debug|x64.Build.0 = Debug|Any CPU
		{267637ED-2CA2-4246-B51A-5D0EB7605F5E}.Debug|x86.ActiveCfg = Debug|Any CPU
		{267637ED-2CA2-4246-B51A-5D0EB7605F5E}.Debug|x86.Build.0 = Debug|Any CPU
		{267637ED-2CA2-4246-B51A-5D0EB7605F5E}.Release|Any CPU.ActiveCfg = Release|Any CPU
		{267637ED-2CA2-4246-B51A-5D0EB7605F5E}.Release|Any CPU.Build.0 = Release|Any CPU
		{267637ED-2CA2-4246-B51A-5D0EB7605F5E}.Release|x64.ActiveCfg = Release|Any CPU
		{267637ED-2CA2-4246-B51A-5D0EB7605F5E}.Release|x64.Build.0 = Release|Any CPU
		{267637ED-2CA2-4246-B51A-5D0EB7605F5E}.Release|x86.ActiveCfg = Release|Any CPU
		{267637ED-2CA2-4246-B51A-5D0EB7605F5E}.Release|x86.Build.0 = Release|Any CPU
		{E6E12CD3-4DF8-49F3-8A07-54B69C438DE0}.Debug|Any CPU.ActiveCfg = Debug|Any CPU
		{E6E12CD3-4DF8-49F3-8A07-54B69C438DE0}.Debug|Any CPU.Build.0 = Debug|Any CPU
		{E6E12CD3-4DF8-49F3-8A07-54B69C438DE0}.Debug|x64.ActiveCfg = Debug|Any CPU
		{E6E12CD3-4DF8-49F3-8A07-54B69C438DE0}.Debug|x64.Build.0 = Debug|Any CPU
		{E6E12CD3-4DF8-49F3-8A07-54B69C438DE0}.Debug|x86.ActiveCfg = Debug|Any CPU
		{E6E12CD3-4DF8-49F3-8A07-54B69C438DE0}.Debug|x86.Build.0 = Debug|Any CPU
		{E6E12CD3-4DF8-49F3-8A07-54B69C438DE0}.Release|Any CPU.ActiveCfg = Release|Any CPU
		{E6E12CD3-4DF8-49F3-8A07-54B69C438DE0}.Release|Any CPU.Build.0 = Release|Any CPU
		{E6E12CD3-4DF8-49F3-8A07-54B69C438DE0}.Release|x64.ActiveCfg = Release|Any CPU
		{E6E12CD3-4DF8-49F3-8A07-54B69C438DE0}.Release|x64.Build.0 = Release|Any CPU
		{E6E12CD3-4DF8-49F3-8A07-54B69C438DE0}.Release|x86.ActiveCfg = Release|Any CPU
		{E6E12CD3-4DF8-49F3-8A07-54B69C438DE0}.Release|x86.Build.0 = Release|Any CPU
		{2B027C07-2258-44A5-94A0-3B053EAED62A}.Debug|Any CPU.ActiveCfg = Debug|Any CPU
		{2B027C07-2258-44A5-94A0-3B053EAED62A}.Debug|Any CPU.Build.0 = Debug|Any CPU
		{2B027C07-2258-44A5-94A0-3B053EAED62A}.Debug|x64.ActiveCfg = Debug|Any CPU
		{2B027C07-2258-44A5-94A0-3B053EAED62A}.Debug|x64.Build.0 = Debug|Any CPU
		{2B027C07-2258-44A5-94A0-3B053EAED62A}.Debug|x86.ActiveCfg = Debug|Any CPU
		{2B027C07-2258-44A5-94A0-3B053EAED62A}.Debug|x86.Build.0 = Debug|Any CPU
		{2B027C07-2258-44A5-94A0-3B053EAED62A}.Release|Any CPU.ActiveCfg = Release|Any CPU
		{2B027C07-2258-44A5-94A0-3B053EAED62A}.Release|Any CPU.Build.0 = Release|Any CPU
		{2B027C07-2258-44A5-94A0-3B053EAED62A}.Release|x64.ActiveCfg = Release|Any CPU
		{2B027C07-2258-44A5-94A0-3B053EAED62A}.Release|x64.Build.0 = Release|Any CPU
		{2B027C07-2258-44A5-94A0-3B053EAED62A}.Release|x86.ActiveCfg = Release|Any CPU
		{2B027C07-2258-44A5-94A0-3B053EAED62A}.Release|x86.Build.0 = Release|Any CPU
		{87A081E9-454B-4255-A5C8-6CF239993953}.Debug|Any CPU.ActiveCfg = Debug|Any CPU
		{87A081E9-454B-4255-A5C8-6CF239993953}.Debug|Any CPU.Build.0 = Debug|Any CPU
		{87A081E9-454B-4255-A5C8-6CF239993953}.Debug|x64.ActiveCfg = Debug|Any CPU
		{87A081E9-454B-4255-A5C8-6CF239993953}.Debug|x64.Build.0 = Debug|Any CPU
		{87A081E9-454B-4255-A5C8-6CF239993953}.Debug|x86.ActiveCfg = Debug|Any CPU
		{87A081E9-454B-4255-A5C8-6CF239993953}.Debug|x86.Build.0 = Debug|Any CPU
		{87A081E9-454B-4255-A5C8-6CF239993953}.Release|Any CPU.ActiveCfg = Release|Any CPU
		{87A081E9-454B-4255-A5C8-6CF239993953}.Release|Any CPU.Build.0 = Release|Any CPU
		{87A081E9-454B-4255-A5C8-6CF239993953}.Release|x64.ActiveCfg = Release|Any CPU
		{87A081E9-454B-4255-A5C8-6CF239993953}.Release|x64.Build.0 = Release|Any CPU
		{87A081E9-454B-4255-A5C8-6CF239993953}.Release|x86.ActiveCfg = Release|Any CPU
		{87A081E9-454B-4255-A5C8-6CF239993953}.Release|x86.Build.0 = Release|Any CPU
		{D2751CE9-6B64-408B-98BD-56BF825990A4}.Debug|Any CPU.ActiveCfg = Debug|Any CPU
		{D2751CE9-6B64-408B-98BD-56BF825990A4}.Debug|Any CPU.Build.0 = Debug|Any CPU
		{D2751CE9-6B64-408B-98BD-56BF825990A4}.Debug|x64.ActiveCfg = Debug|Any CPU
		{D2751CE9-6B64-408B-98BD-56BF825990A4}.Debug|x64.Build.0 = Debug|Any CPU
		{D2751CE9-6B64-408B-98BD-56BF825990A4}.Debug|x86.ActiveCfg = Debug|Any CPU
		{D2751CE9-6B64-408B-98BD-56BF825990A4}.Debug|x86.Build.0 = Debug|Any CPU
		{D2751CE9-6B64-408B-98BD-56BF825990A4}.Release|Any CPU.ActiveCfg = Release|Any CPU
		{D2751CE9-6B64-408B-98BD-56BF825990A4}.Release|Any CPU.Build.0 = Release|Any CPU
		{D2751CE9-6B64-408B-98BD-56BF825990A4}.Release|x64.ActiveCfg = Release|Any CPU
		{D2751CE9-6B64-408B-98BD-56BF825990A4}.Release|x64.Build.0 = Release|Any CPU
		{D2751CE9-6B64-408B-98BD-56BF825990A4}.Release|x86.ActiveCfg = Release|Any CPU
		{D2751CE9-6B64-408B-98BD-56BF825990A4}.Release|x86.Build.0 = Release|Any CPU
	EndGlobalSection
	GlobalSection(SolutionProperties) = preSolution
		HideSolutionNode = FALSE
	EndGlobalSection
	GlobalSection(NestedProjects) = preSolution
		{A1615412-985C-48C9-9B5D-BCFC09BFEB5D} = {6A7B1649-D70D-4061-A3D9-0F25E8ACFB7B}
		{BAF2E2EA-D86B-4084-82F5-B403F5E689F9} = {A1615412-985C-48C9-9B5D-BCFC09BFEB5D}
		{08280C08-4100-4C4F-AF57-6F808B6DCEDF} = {A1615412-985C-48C9-9B5D-BCFC09BFEB5D}
		{CCBDD593-C4E3-421C-BAA5-8E55A1ADE044} = {A1615412-985C-48C9-9B5D-BCFC09BFEB5D}
		{C75E9ACF-80E8-441B-AAFF-E90640E7375C} = {A1615412-985C-48C9-9B5D-BCFC09BFEB5D}
		{8E54AC65-4FBD-4B5D-9DE7-196555B5646C} = {0B64AECD-BB4B-4F65-8AAB-8B94707B4640}
		{209DBAB6-9D96-4CD9-9DEF-293724A14AE0} = {0B64AECD-BB4B-4F65-8AAB-8B94707B4640}
		{45C48463-D0CF-49A7-B96C-00955E62D847} = {6A7B1649-D70D-4061-A3D9-0F25E8ACFB7B}
		{A8753D48-8F27-472A-ACC0-F9F2615D0228} = {6A7B1649-D70D-4061-A3D9-0F25E8ACFB7B}
		{82DC2378-965F-4771-9CB7-9F94EA84B12A} = {A1615412-985C-48C9-9B5D-BCFC09BFEB5D}
		{E011C7DC-F915-4302-8955-8401E22B6D88} = {A1615412-985C-48C9-9B5D-BCFC09BFEB5D}
		{467B805F-02BB-4EA8-91C1-365D9C320F8A} = {A1615412-985C-48C9-9B5D-BCFC09BFEB5D}
		{E8271F2E-BF13-4D99-9448-8860B8067BB6} = {A1615412-985C-48C9-9B5D-BCFC09BFEB5D}
		{D2F5F26F-6909-4332-BE19-0DDE9B97EED7} = {537AEF9C-E0F6-4AA8-A916-FF2AFF8B3846}
		{B3513A36-702E-48AF-83C7-B062F3A4731D} = {A1615412-985C-48C9-9B5D-BCFC09BFEB5D}
		{AC553F73-5FFD-48C3-9543-EF3E3134CD91} = {45C48463-D0CF-49A7-B96C-00955E62D847}
		{067B1CFE-07FA-4E9E-980B-D7302F11338C} = {AE5ACEFE-D7E0-4DB6-860B-9510ED19EF45}
		{B4963B88-1231-49B2-A1E4-B8641A52F3C3} = {AE5ACEFE-D7E0-4DB6-860B-9510ED19EF45}
		{D8DB7C7A-641D-49DD-8E87-5998FC0C469A} = {AE5ACEFE-D7E0-4DB6-860B-9510ED19EF45}
		{7AC65077-FB1A-4AF8-8C8A-61381A213AC6} = {AE5ACEFE-D7E0-4DB6-860B-9510ED19EF45}
		{99FF897C-B386-4859-BA8C-7A0BD610010A} = {AE5ACEFE-D7E0-4DB6-860B-9510ED19EF45}
		{CB2888D4-8BFF-4D7C-B952-30CBE99ABC4D} = {AE5ACEFE-D7E0-4DB6-860B-9510ED19EF45}
		{8A1F5E01-2442-48CD-9A5E-8951C225F612} = {AE5ACEFE-D7E0-4DB6-860B-9510ED19EF45}
		{83BFF45B-1A14-458C-AF44-71A7CC762D2E} = {AE5ACEFE-D7E0-4DB6-860B-9510ED19EF45}
		{267637ED-2CA2-4246-B51A-5D0EB7605F5E} = {AE5ACEFE-D7E0-4DB6-860B-9510ED19EF45}
		{E6E12CD3-4DF8-49F3-8A07-54B69C438DE0} = {AE5ACEFE-D7E0-4DB6-860B-9510ED19EF45}
		{2B027C07-2258-44A5-94A0-3B053EAED62A} = {AE5ACEFE-D7E0-4DB6-860B-9510ED19EF45}
		{87A081E9-454B-4255-A5C8-6CF239993953} = {A8753D48-8F27-472A-ACC0-F9F2615D0228}
		{D2751CE9-6B64-408B-98BD-56BF825990A4} = {AE5ACEFE-D7E0-4DB6-860B-9510ED19EF45}
	EndGlobalSection
EndGlobal
