
Microsoft Visual Studio Solution File, Format Version 12.00
Project("{2150E333-8FDC-42A3-9474-1A3956D46DE8}") = "src", "src", "{6A7B1649-D70D-4061-A3D9-0F25E8ACFB7B}"
EndProject
Project("{2150E333-8FDC-42A3-9474-1A3956D46DE8}") = "tests", "tests", "{AE5ACEFE-D7E0-4DB6-860B-9510ED19EF45}"
EndProject
Project("{2150E333-8FDC-42A3-9474-1A3956D46DE8}") = "Shared", "Shared", "{A1615412-985C-48C9-9B5D-BCFC09BFEB5D}"
EndProject
Project("{2150E333-8FDC-42A3-9474-1A3956D46DE8}") = "Config", "Config", "{0B64AECD-BB4B-4F65-8AAB-8B94707B4640}"
EndProject
Project("{FAE04EC0-301F-11D3-BF4B-00C04F79EFBC}") = "SharedLibrary", "src\Shared\SharedLibrary\SharedLibrary.csproj", "{BAF2E2EA-D86B-4084-82F5-B403F5E689F9}"
EndProject
Project("{FAE04EC0-301F-11D3-BF4B-00C04F79EFBC}") = "SharedLibrary.FluentMigration", "src\Shared\SharedLibrary.FluentMigration\SharedLibrary.FluentMigration.csproj", "{08280C08-4100-4C4F-AF57-6F808B6DCEDF}"
EndProject
Project("{FAE04EC0-301F-11D3-BF4B-00C04F79EFBC}") = "SharedLibrary.MongoDB", "src\Shared\SharedLibrary.MongoDB\SharedLibrary.MongoDB.csproj", "{CCBDD593-C4E3-421C-BAA5-8E55A1ADE044}"
EndProject
Project("{FAE04EC0-301F-11D3-BF4B-00C04F79EFBC}") = "SharedLibrary.Redis", "src\Shared\SharedLibrary.Redis\SharedLibrary.Redis.csproj", "{C75E9ACF-80E8-441B-AAFF-E90640E7375C}"
EndProject
Project("{FAE04EC0-301F-11D3-BF4B-00C04F79EFBC}") = "Tasting.AppHost", "Config\Tasting.AppHost\Tasting.AppHost.csproj", "{8E54AC65-4FBD-4B5D-9DE7-196555B5646C}"
EndProject
Project("{FAE04EC0-301F-11D3-BF4B-00C04F79EFBC}") = "Tasting.ServiceDefaults", "Config\Tasting.ServiceDefaults\Tasting.ServiceDefaults.csproj", "{209DBAB6-9D96-4CD9-9DEF-293724A14AE0}"
EndProject
Project("{2150E333-8FDC-42A3-9474-1A3956D46DE8}") = "Backend", "Backend", "{45C48463-D0CF-49A7-B96C-00955E62D847}"
EndProject
Project("{2150E333-8FDC-42A3-9474-1A3956D46DE8}") = "Frontend", "Frontend", "{A8753D48-8F27-472A-ACC0-F9F2615D0228}"
EndProject
Global
	GlobalSection(SolutionConfigurationPlatforms) = preSolution
		Debug|Any CPU = Debug|Any CPU
		Release|Any CPU = Release|Any CPU
	EndGlobalSection
	GlobalSection(ProjectConfigurationPlatforms) = postSolution
		{BAF2E2EA-D86B-4084-82F5-B403F5E689F9}.Debug|Any CPU.ActiveCfg = Debug|Any CPU
		{BAF2E2EA-D86B-4084-82F5-B403F5E689F9}.Debug|Any CPU.Build.0 = Debug|Any CPU
		{BAF2E2EA-D86B-4084-82F5-B403F5E689F9}.Release|Any CPU.ActiveCfg = Release|Any CPU
		{BAF2E2EA-D86B-4084-82F5-B403F5E689F9}.Release|Any CPU.Build.0 = Release|Any CPU
		{08280C08-4100-4C4F-AF57-6F808B6DCEDF}.Debug|Any CPU.ActiveCfg = Debug|Any CPU
		{08280C08-4100-4C4F-AF57-6F808B6DCEDF}.Debug|Any CPU.Build.0 = Debug|Any CPU
		{08280C08-4100-4C4F-AF57-6F808B6DCEDF}.Release|Any CPU.ActiveCfg = Release|Any CPU
		{08280C08-4100-4C4F-AF57-6F808B6DCEDF}.Release|Any CPU.Build.0 = Release|Any CPU
		{CCBDD593-C4E3-421C-BAA5-8E55A1ADE044}.Debug|Any CPU.ActiveCfg = Debug|Any CPU
		{CCBDD593-C4E3-421C-BAA5-8E55A1ADE044}.Debug|Any CPU.Build.0 = Debug|Any CPU
		{CCBDD593-C4E3-421C-BAA5-8E55A1ADE044}.Release|Any CPU.ActiveCfg = Release|Any CPU
		{CCBDD593-C4E3-421C-BAA5-8E55A1ADE044}.Release|Any CPU.Build.0 = Release|Any CPU
		{C75E9ACF-80E8-441B-AAFF-E90640E7375C}.Debug|Any CPU.ActiveCfg = Debug|Any CPU
		{C75E9ACF-80E8-441B-AAFF-E90640E7375C}.Debug|Any CPU.Build.0 = Debug|Any CPU
		{C75E9ACF-80E8-441B-AAFF-E90640E7375C}.Release|Any CPU.ActiveCfg = Release|Any CPU
		{C75E9ACF-80E8-441B-AAFF-E90640E7375C}.Release|Any CPU.Build.0 = Release|Any CPU
		{8E54AC65-4FBD-4B5D-9DE7-196555B5646C}.Debug|Any CPU.ActiveCfg = Debug|Any CPU
		{8E54AC65-4FBD-4B5D-9DE7-196555B5646C}.Debug|Any CPU.Build.0 = Debug|Any CPU
		{8E54AC65-4FBD-4B5D-9DE7-196555B5646C}.Release|Any CPU.ActiveCfg = Release|Any CPU
		{8E54AC65-4FBD-4B5D-9DE7-196555B5646C}.Release|Any CPU.Build.0 = Release|Any CPU
		{209DBAB6-9D96-4CD9-9DEF-293724A14AE0}.Debug|Any CPU.ActiveCfg = Debug|Any CPU
		{209DBAB6-9D96-4CD9-9DEF-293724A14AE0}.Debug|Any CPU.Build.0 = Debug|Any CPU
		{209DBAB6-9D96-4CD9-9DEF-293724A14AE0}.Release|Any CPU.ActiveCfg = Release|Any CPU
		{209DBAB6-9D96-4CD9-9DEF-293724A14AE0}.Release|Any CPU.Build.0 = Release|Any CPU
	EndGlobalSection
	GlobalSection(NestedProjects) = preSolution
		{A1615412-985C-48C9-9B5D-BCFC09BFEB5D} = {6A7B1649-D70D-4061-A3D9-0F25E8ACFB7B}
		{BAF2E2EA-D86B-4084-82F5-B403F5E689F9} = {A1615412-985C-48C9-9B5D-BCFC09BFEB5D}
		{08280C08-4100-4C4F-AF57-6F808B6DCEDF} = {A1615412-985C-48C9-9B5D-BCFC09BFEB5D}
		{CCBDD593-C4E3-421C-BAA5-8E55A1ADE044} = {A1615412-985C-48C9-9B5D-BCFC09BFEB5D}
		{C75E9ACF-80E8-441B-AAFF-E90640E7375C} = {A1615412-985C-48C9-9B5D-BCFC09BFEB5D}
		{8E54AC65-4FBD-4B5D-9DE7-196555B5646C} = {0B64AECD-BB4B-4F65-8AAB-8B94707B4640}
		{209DBAB6-9D96-4CD9-9DEF-293724A14AE0} = {0B64AECD-BB4B-4F65-8AAB-8B94707B4640}
		{45C48463-D0CF-49A7-B96C-00955E62D847} = {6A7B1649-D70D-4061-A3D9-0F25E8ACFB7B}
		{A8753D48-8F27-472A-ACC0-F9F2615D0228} = {6A7B1649-D70D-4061-A3D9-0F25E8ACFB7B}
	EndGlobalSection
EndGlobal
